
Microsoft Visual Studio Solution File, Format Version 12.00
# Visual Studio Version 16
VisualStudioVersion = 16.0.30309.148
MinimumVisualStudioVersion = 10.0.40219.1
Project("{FAE04EC0-301F-11D3-BF4B-00C04F79EFBC}") = "Inquiry_Management_System", "Inquiry_Management_System\Inquiry_Management_System.csproj", "{8224B538-8915-4538-BF00-623D2894CD5A}"
EndProject
Project("{54435603-DBB4-11D2-8724-00A0C9A8B90C}") = "IMS", "IMS\IMS.vdproj", "{5881D2A2-379F-4BB6-BD8D-E54152B19D8C}"
EndProject
Global
	GlobalSection(SolutionConfigurationPlatforms) = preSolution
		Debug|Any CPU = Debug|Any CPU
		Release|Any CPU = Release|Any CPU
	EndGlobalSection
	GlobalSection(ProjectConfigurationPlatforms) = postSolution
		{8224B538-8915-4538-BF00-623D2894CD5A}.Debug|Any CPU.ActiveCfg = Debug|Any CPU
		{8224B538-8915-4538-BF00-623D2894CD5A}.Debug|Any CPU.Build.0 = Debug|Any CPU
		{8224B538-8915-4538-BF00-623D2894CD5A}.Release|Any CPU.ActiveCfg = Release|Any CPU
		{8224B538-8915-4538-BF00-623D2894CD5A}.Release|Any CPU.Build.0 = Release|Any CPU
		{5881D2A2-379F-4BB6-BD8D-E54152B19D8C}.Debug|Any CPU.ActiveCfg = Debug
		{5881D2A2-379F-4BB6-BD8D-E54152B19D8C}.Release|Any CPU.ActiveCfg = Release
	EndGlobalSection
	GlobalSection(SolutionProperties) = preSolution
		HideSolutionNode = FALSE
	EndGlobalSection
	GlobalSection(ExtensibilityGlobals) = postSolution
		SolutionGuid = {528F8025-B318-4941-92DF-09EB805C3C6C}
	EndGlobalSection
EndGlobal
